
Microsoft Visual Studio Solution File, Format Version 12.00
# Visual Studio Version 16
VisualStudioVersion = 16.0.31424.327
MinimumVisualStudioVersion = 10.0.40219.1
Project("{FAE04EC0-301F-11D3-BF4B-00C04F79EFBC}") = "UPI_e_dnevnik", "UPI_e_dnevnik.csproj", "{6FABF661-9221-471B-A797-B0E2CB570AEF}"
EndProject
Global
	GlobalSection(SolutionConfigurationPlatforms) = preSolution
		Debug|Any CPU = Debug|Any CPU
		Release|Any CPU = Release|Any CPU
	EndGlobalSection
	GlobalSection(ProjectConfigurationPlatforms) = postSolution
		{6FABF661-9221-471B-A797-B0E2CB570AEF}.Debug|Any CPU.ActiveCfg = Debug|Any CPU
		{6FABF661-9221-471B-A797-B0E2CB570AEF}.Debug|Any CPU.Build.0 = Debug|Any CPU
		{6FABF661-9221-471B-A797-B0E2CB570AEF}.Release|Any CPU.ActiveCfg = Release|Any CPU
		{6FABF661-9221-471B-A797-B0E2CB570AEF}.Release|Any CPU.Build.0 = Release|Any CPU
	EndGlobalSection
	GlobalSection(SolutionProperties) = preSolution
		HideSolutionNode = FALSE
	EndGlobalSection
	GlobalSection(ExtensibilityGlobals) = postSolution
		SolutionGuid = {69DE1E6A-1077-4A84-B3BE-21DCB3BB6100}
	EndGlobalSection
EndGlobal
